hash: fb3d0c8af7e26370964f0f6de31f8698fd362e98a57f4845cbef86c34364a804
updated: 2016-02-15T20:40:47.747879017Z
imports:
- name: bazil.org/fuse
  version: 1bab7acc918a3316e302d2ef44e225374e840aa1
  subpackages:
  - fuseutil
- name: github.com/BurntSushi/toml
  version: 5c4df71dfe9ac89ef6287afc05e4c1b16ae65a1e
- name: github.com/coreos/go-systemd
  version: 7b2428fec40033549c68f54e26e89e7ca9a9ce31
  subpackages:
  - activation
- name: github.com/creiht/formic
  version: 1f73b956da364eef672d7079a1307571ac5876d1
  subpackages:
  - flother
  - proto
- name: github.com/docker/go-connections
  version: 34b5052da6b11e27f5f2e357b38b571ddddd3928
  subpackages:
  - sockets
- name: github.com/docker/go-plugins-helpers
  version: d5b77af1fb25af3f0bdff4c40c2c466c52cd1dbd
  subpackages:
  - sdk
- name: github.com/gholt/brimio
  version: 0410b7dda648849494d71aa61d90b64ded16a789
- name: github.com/gholt/brimtext
  version: e03b0e9327f06d3b14f1a7395cda498cabf9b7fa
- name: github.com/gholt/brimtime
  version: 19b9fd546f7797616687d3d53e413cbfd6458dcd
- name: github.com/gholt/flog
  version: 79b6c4ef667a5fbc638c10a814884d07dcd14ffc
- name: github.com/gholt/locmap
  version: b3a3b3a65ca724666a9c5ed4657145fd344461c6
- name: github.com/gholt/ring
  version: fa20b58f8fa9d4cc97c475dbbefe13be38a6d981
- name: github.com/gholt/store
  version: 3f9b8463e3cc031cfa9af8ce22bba3191edf8b02
- name: github.com/gogo/protobuf
  version: 82d16f734d6d871204a3feb1a73cb220cc92574c
  subpackages:
  - proto
  - gogoproto
  - protoc-gen-gogo/descriptor
- name: github.com/golang/protobuf
  version: 89238a3245885ada85d2f4fdbe76adae392df69b
  subpackages:
  - proto
- name: github.com/opencontainers/runc
  version: 361f9b7921665b5894faef36fc8430aec573dfa4
  subpackages:
  - libcontainer/user
- name: github.com/pandemicsyn/cmdctrl
  version: 643e6bf3b04e769c64467f1618992aed69c7b943
  subpackages:
  - api
- name: github.com/pandemicsyn/oort
  version: f2e04eff83a230f13b3b8a8d019761ff5ad45009
  subpackages:
  - api/groupproto
  - api/valueproto
  - oort
  - oortstore
- name: github.com/pandemicsyn/syndicate
  version: d7807ed02e1000aa0f928e4b39fa85e4f4aa6114
  subpackages:
  - api/proto
  - syndicate
  - utils/srvconf
- name: github.com/peterh/liner
  version: ad1edfd30321d8f006ccf05f1e0524adeb943060
- name: github.com/pkg/profile
  version: c795610ec6e479e5795f7852db65ea15073674a6
- name: github.com/ricochet2200/go-disk-usage
  version: f0d1b743428fc09792f93233d9412f89f88fa2ab
  subpackages:
  - du
- name: github.com/shirou/gopsutil
  version: 956f92742f460d9081fd36ba719f595809ab15b2
  subpackages:
  - disk
  - mem
  - internal/common
- name: github.com/Sirupsen/logrus
  version: 3455d89ac9652295c85db2a98ea32f1d61c380bc
- name: github.com/spaolacci/murmur3
  version: 0d12bf811670bf6a1a63828dfbd003eded177fce
- name: golang.org/x/crypto
  version: 1f22c0103821b9390939b6776727195525381532
  subpackages:
  - ssh/terminal
- name: golang.org/x/net
  version: cbbbe2bc0f2efdd2afb318d93f1eadb19350e4a3
  subpackages:
  - context
  - http2
  - trace
  - http2/hpack
  - internal/timeseries
  - proxy
- name: google.golang.org/grpc
  version: 0080e0eda0439a65a80a93e0abd5e454bd0402db
  subpackages:
  - credentials
  - grpclog
  - codes
  - metadata
  - naming
  - transport
  - peer
devImports: []
